
Microsoft Visual Studio Solution File, Format Version 12.00
# Visual Studio Version 16
VisualStudioVersion = 16.0.31205.134
MinimumVisualStudioVersion = 10.0.40219.1
Project("{FAE04EC0-301F-11D3-BF4B-00C04F79EFBC}") = "PCBrouter_prj", "PCBrouter_prj\PCBrouter_prj.csproj", "{FFA371E7-48A0-4551-965D-DE143E01431C}"
EndProject
Global
	GlobalSection(SolutionConfigurationPlatforms) = preSolution
		Debug|Any CPU = Debug|Any CPU
		Release|Any CPU = Release|Any CPU
	EndGlobalSection
	GlobalSection(ProjectConfigurationPlatforms) = postSolution
		{FFA371E7-48A0-4551-965D-DE143E01431C}.Debug|Any CPU.ActiveCfg = Debug|Any CPU
		{FFA371E7-48A0-4551-965D-DE143E01431C}.Debug|Any CPU.Build.0 = Debug|Any CPU
		{FFA371E7-48A0-4551-965D-DE143E01431C}.Release|Any CPU.ActiveCfg = Release|Any CPU
		{FFA371E7-48A0-4551-965D-DE143E01431C}.Release|Any CPU.Build.0 = Release|Any CPU
	EndGlobalSection
	GlobalSection(SolutionProperties) = preSolution
		HideSolutionNode = FALSE
	EndGlobalSection
	GlobalSection(ExtensibilityGlobals) = postSolution
		SolutionGuid = {AB7104D2-A4B0-457D-B3A5-FDCEB17F1173}
	EndGlobalSection
EndGlobal
